
Microsoft Visual Studio Solution File, Format Version 12.00
# Visual Studio Version 16
VisualStudioVersion = 16.0.30204.135
MinimumVisualStudioVersion = 10.0.40219.1
Project("{8BC9CEB8-8B4A-11D0-8D11-00A0C91BC942}") = "blanket", "blanket\blanket.vcxproj", "{E260DB30-9D5B-466A-8BA9-DD400F5CDDA8}"
EndProject
Global
	GlobalSection(SolutionConfigurationPlatforms) = preSolution
		Debug|ARM = Debug|ARM
		Debug|ARM64 = Debug|ARM64
		Debug|x64 = Debug|x64
		Debug|x86 = Debug|x86
		Release|ARM = Release|ARM
		Release|ARM64 = Release|ARM64
		Release|x64 = Release|x64
		Release|x86 = Release|x86
	EndGlobalSection
	GlobalSection(ProjectConfigurationPlatforms) = postSolution
		{E260DB30-9D5B-466A-8BA9-DD400F5CDDA8}.Debug|ARM.ActiveCfg = Debug|ARM
		{E260DB30-9D5B-466A-8BA9-DD400F5CDDA8}.Debug|ARM.Build.0 = Debug|ARM
		{E260DB30-9D5B-466A-8BA9-DD400F5CDDA8}.Debug|ARM.Deploy.0 = Debug|ARM
		{E260DB30-9D5B-466A-8BA9-DD400F5CDDA8}.Debug|ARM64.ActiveCfg = Debug|ARM64
		{E260DB30-9D5B-466A-8BA9-DD400F5CDDA8}.Debug|ARM64.Build.0 = Debug|ARM64
		{E260DB30-9D5B-466A-8BA9-DD400F5CDDA8}.Debug|ARM64.Deploy.0 = Debug|ARM64
		{E260DB30-9D5B-466A-8BA9-DD400F5CDDA8}.Debug|x64.ActiveCfg = Debug|x64
		{E260DB30-9D5B-466A-8BA9-DD400F5CDDA8}.Debug|x64.Build.0 = Debug|x64
		{E260DB30-9D5B-466A-8BA9-DD400F5CDDA8}.Debug|x64.Deploy.0 = Debug|x64
		{E260DB30-9D5B-466A-8BA9-DD400F5CDDA8}.Debug|x86.ActiveCfg = Debug|Win32
		{E260DB30-9D5B-466A-8BA9-DD400F5CDDA8}.Debug|x86.Build.0 = Debug|Win32
		{E260DB30-9D5B-466A-8BA9-DD400F5CDDA8}.Debug|x86.Deploy.0 = Debug|Win32
		{E260DB30-9D5B-466A-8BA9-DD400F5CDDA8}.Release|ARM.ActiveCfg = Release|ARM
		{E260DB30-9D5B-466A-8BA9-DD400F5CDDA8}.Release|ARM.Build.0 = Release|ARM
		{E260DB30-9D5B-466A-8BA9-DD400F5CDDA8}.Release|ARM.Deploy.0 = Release|ARM
		{E260DB30-9D5B-466A-8BA9-DD400F5CDDA8}.Release|ARM64.ActiveCfg = Release|ARM64
		{E260DB30-9D5B-466A-8BA9-DD400F5CDDA8}.Release|ARM64.Build.0 = Release|ARM64
		{E260DB30-9D5B-466A-8BA9-DD400F5CDDA8}.Release|ARM64.Deploy.0 = Release|ARM64
		{E260DB30-9D5B-466A-8BA9-DD400F5CDDA8}.Release|x64.ActiveCfg = Release|x64
		{E260DB30-9D5B-466A-8BA9-DD400F5CDDA8}.Release|x64.Build.0 = Release|x64
		{E260DB30-9D5B-466A-8BA9-DD400F5CDDA8}.Release|x64.Deploy.0 = Release|x64
		{E260DB30-9D5B-466A-8BA9-DD400F5CDDA8}.Release|x86.ActiveCfg = Release|Win32
		{E260DB30-9D5B-466A-8BA9-DD400F5CDDA8}.Release|x86.Build.0 = Release|Win32
		{E260DB30-9D5B-466A-8BA9-DD400F5CDDA8}.Release|x86.Deploy.0 = Release|Win32
	EndGlobalSection
	GlobalSection(SolutionProperties) = preSolution
		HideSolutionNode = FALSE
	EndGlobalSection
	GlobalSection(ExtensibilityGlobals) = postSolution
		SolutionGuid = {AE58BE20-88DB-47C4-A555-8FABFF840C5B}
	EndGlobalSection
EndGlobal
